// !$*UTF8*$!
{
	archiveVersion = 1;
	classes = {
	};
	objectVersion = 46;
	objects = {

/* Begin PBXBuildFile section */
		CDB7363417AB61B1007766C2 /* Default-568h@2x.png in Resources */ = {isa = PBXBuildFile; fileRef = CDB7363317AB61B1007766C2 /* Default-568h@2x.png */; };
		CDCBC0CD17A802E50064EEA5 /* UIKit.framework in Frameworks */ = {isa = PBXBuildFile; fileRef = CDCBC0CC17A802E50064EEA5 /* UIKit.framework */; };
		CDCBC0CF17A802E50064EEA5 /* Foundation.framework in Frameworks */ = {isa = PBXBuildFile; fileRef = CDCBC0CE17A802E50064EEA5 /* Foundation.framework */; };
		CDCBC0D117A802E50064EEA5 /* CoreGraphics.framework in Frameworks */ = {isa = PBXBuildFile; fileRef = CDCBC0D017A802E50064EEA5 /* CoreGraphics.framework */; };
		CDCBC0D717A802E50064EEA5 /* InfoPlist.strings in Resources */ = {isa = PBXBuildFile; fileRef = CDCBC0D517A802E50064EEA5 /* InfoPlist.strings */; };
		CDCBC0D917A802E50064EEA5 /* main.m in Sources */ = {isa = PBXBuildFile; fileRef = CDCBC0D817A802E50064EEA5 /* main.m */; };
		CDCBC0DD17A802E50064EEA5 /* AppDelegate.m in Sources */ = {isa = PBXBuildFile; fileRef = CDCBC0DC17A802E50064EEA5 /* AppDelegate.m */; };
		CDCBC0E517A8042D0064EEA5 /* BottonViewController.m in Sources */ = {isa = PBXBuildFile; fileRef = CDCBC0E417A8042D0064EEA5 /* BottonViewController.m */; };
/* End PBXBuildFile section */

/* Begin PBXFileReference section */
		CDB7363317AB61B1007766C2 /* Default-568h@2x.png */ = {isa = PBXFileReference; lastKnownFileType = image.png; path = "Default-568h@2x.png"; sourceTree = "<group>"; };
		CDCBC0C817A802E50064EEA5 /* SuperComputer.app */ = {isa = PBXFileReference; explicitFileType = wrapper.application; includeInIndex = 0; path = SuperComputer.app; sourceTree = BUILT_PRODUCTS_DIR; };
		CDCBC0CC17A802E50064EEA5 /* UIKit.framework */ = {isa = PBXFileReference; lastKnownFileType = wrapper.framework; name = UIKit.framework; path = System/Library/Frameworks/UIKit.framework; sourceTree = SDKROOT; };
		CDCBC0CE17A802E50064EEA5 /* Foundation.framework */ = {isa = PBXFileReference; lastKnownFileType = wrapper.framework; name = Foundation.framework; path = System/Library/Frameworks/Foundation.framework; sourceTree = SDKROOT; };
		CDCBC0D017A802E50064EEA5 /* CoreGraphics.framework */ = {isa = PBXFileReference; lastKnownFileType = wrapper.framework; name = CoreGraphics.framework; path = System/Library/Frameworks/CoreGraphics.framework; sourceTree = SDKROOT; };
		CDCBC0D417A802E50064EEA5 /* SuperComputer-Info.plist */ = {isa = PBXFileReference; lastKnownFileType = text.plist.xml; path = "SuperComputer-Info.plist"; sourceTree = "<group>"; };
		CDCBC0D617A802E50064EEA5 /* en */ = {isa = PBXFileReference; lastKnownFileType = text.plist.strings; name = en; path = en.lproj/InfoPlist.strings; sourceTree = "<group>"; };
		CDCBC0D817A802E50064EEA5 /* main.m */ = {isa = PBXFileReference; lastKnownFileType = sourcecode.c.objc; path = main.m; sourceTree = "<group>"; };
		CDCBC0DA17A802E50064EEA5 /* SuperComputer-Prefix.pch */ = {isa = PBXFileReference; lastKnownFileType = sourcecode.c.h; path = "SuperComputer-Prefix.pch"; sourceTree = "<group>"; };
		CDCBC0DB17A802E50064EEA5 /* AppDelegate.h */ = {isa = PBXFileReference; lastKnownFileType = sourcecode.c.h; path = AppDelegate.h; sourceTree = "<group>"; };
		CDCBC0DC17A802E50064EEA5 /* AppDelegate.m */ = {isa = PBXFileReference; lastKnownFileType = sourcecode.c.objc; path = AppDelegate.m; sourceTree = "<group>"; };
		CDCBC0E317A8042D0064EEA5 /* BottonViewController.h */ = {isa = PBXFileReference; fileEncoding = 4; lastKnownFileType = sourcecode.c.h; path = BottonViewController.h; sourceTree = "<group>"; };
		CDCBC0E417A8042D0064EEA5 /* BottonViewController.m */ = {isa = PBXFileReference; fileEncoding = 4; lastKnownFileType = sourcecode.c.objc; path = BottonViewController.m; sourceTree = "<group>"; };
/* End PBXFileReference section */

/* Begin PBXFrameworksBuildPhase section */
		CDCBC0C517A802E50064EEA5 /* Frameworks */ = {
			isa = PBXFrameworksBuildPhase;
			buildActionMask = 2147483647;
			files = (
				CDCBC0CD17A802E50064EEA5 /* UIKit.framework in Frameworks */,
				CDCBC0CF17A802E50064EEA5 /* Foundation.framework in Frameworks */,
				CDCBC0D117A802E50064EEA5 /* CoreGraphics.framework in Frameworks */,
			);
			runOnlyForDeploymentPostprocessing = 0;
		};
/* End PBXFrameworksBuildPhase section */

/* Begin PBXGroup section */
		CDCBC0BD17A802E50064EEA5 = {
			isa = PBXGroup;
			children = (
				CDB7363317AB61B1007766C2 /* Default-568h@2x.png */,
				CDCBC0D217A802E50064EEA5 /* SuperComputer */,
				CDCBC0CB17A802E50064EEA5 /* Frameworks */,
				CDCBC0C917A802E50064EEA5 /* Products */,
			);
			sourceTree = "<group>";
		};
		CDCBC0C917A802E50064EEA5 /* Products */ = {
			isa = PBXGroup;
			children = (
				CDCBC0C817A802E50064EEA5 /* SuperComputer.app */,
			);
			name = Products;
			sourceTree = "<group>";
		};
		CDCBC0CB17A802E50064EEA5 /* Frameworks */ = {
			isa = PBXGroup;
			children = (
				CDCBC0CC17A802E50064EEA5 /* UIKit.framework */,
				CDCBC0CE17A802E50064EEA5 /* Foundation.framework */,
				CDCBC0D017A802E50064EEA5 /* CoreGraphics.framework */,
			);
			name = Frameworks;
			sourceTree = "<group>";
		};
		CDCBC0D217A802E50064EEA5 /* SuperComputer */ = {
			isa = PBXGroup;
			children = (
				CDCBC0DB17A802E50064EEA5 /* AppDelegate.h */,
				CDCBC0DC17A802E50064EEA5 /* AppDelegate.m */,
				CDCBC0D317A802E50064EEA5 /* Supporting Files */,
				CDCBC0E317A8042D0064EEA5 /* BottonViewController.h */,
				CDCBC0E417A8042D0064EEA5 /* BottonViewController.m */,
			);
			path = SuperComputer;
			sourceTree = "<group>";
		};
		CDCBC0D317A802E50064EEA5 /* Supporting Files */ = {
			isa = PBXGroup;
			children = (
				CDCBC0D417A802E50064EEA5 /* SuperComputer-Info.plist */,
				CDCBC0D517A802E50064EEA5 /* InfoPlist.strings */,
				CDCBC0D817A802E50064EEA5 /* main.m */,
				CDCBC0DA17A802E50064EEA5 /* SuperComputer-Prefix.pch */,
			);
			name = "Supporting Files";
			sourceTree = "<group>";
		};
/* End PBXGroup section */

/* Begin PBXNativeTarget section */
		CDCBC0C717A802E50064EEA5 /* SuperComputer */ = {
			isa = PBXNativeTarget;
			buildConfigurationList = CDCBC0E017A802E50064EEA5 /* Build configuration list for PBXNativeTarget "SuperComputer" */;
			buildPhases = (
				CDCBC0C417A802E50064EEA5 /* Sources */,
				CDCBC0C517A802E50064EEA5 /* Frameworks */,
				CDCBC0C617A802E50064EEA5 /* Resources */,
			);
			buildRules = (
			);
			dependencies = (
			);
			name = SuperComputer;
			productName = SuperComputer;
			productReference = CDCBC0C817A802E50064EEA5 /* SuperComputer.app */;
			productType = "com.apple.product-type.application";
		};
/* End PBXNativeTarget section */

/* Begin PBXProject section */
		CDCBC0BF17A802E50064EEA5 /* Project object */ = {
			isa = PBXProject;
			attributes = {
				LastUpgradeCheck = 0460;
			};
			buildConfigurationList = CDCBC0C217A802E50064EEA5 /* Build configuration list for PBXProject "SuperComputer" */;
			compatibilityVersion = "Xcode 3.2";
			developmentRegion = English;
			hasScannedForEncodings = 0;
			knownRegions = (
				en,
			);
			mainGroup = CDCBC0BD17A802E50064EEA5;
			productRefGroup = CDCBC0C917A802E50064EEA5 /* Products */;
			projectDirPath = "";
			projectRoot = "";
			targets = (
				CDCBC0C717A802E50064EEA5 /* SuperComputer */,
			);
		};
/* End PBXProject section */

/* Begin PBXResourcesBuildPhase section */
		CDCBC0C617A802E50064EEA5 /* Resources */ = {
			isa = PBXResourcesBuildPhase;
			buildActionMask = 2147483647;
			files = (
				CDCBC0D717A802E50064EEA5 /* InfoPlist.strings in Resources */,
				CDB7363417AB61B1007766C2 /* Default-568h@2x.png in Resources */,
			);
			runOnlyForDeploymentPostprocessing = 0;
		};
/* End PBXResourcesBuildPhase section */

/* Begin PBXSourcesBuildPhase section */
		CDCBC0C417A802E50064EEA5 /* Sources */ = {
			isa = PBXSourcesBuildPhase;
			buildActionMask = 2147483647;
			files = (
				CDCBC0D917A802E50064EEA5 /* main.m in Sources */,
				CDCBC0DD17A802E50064EEA5 /* AppDelegate.m in Sources */,
				CDCBC0E517A8042D0064EEA5 /* BottonViewController.m in Sources */,
			);
			runOnlyForDeploymentPostprocessing = 0;
		};
/* End PBXSourcesBuildPhase section */

/* Begin PBXVariantGroup section */
		CDCBC0D517A802E50064EEA5 /* InfoPlist.strings */ = {
			isa = PBXVariantGroup;
			children = (
				CDCBC0D617A802E50064EEA5 /* en */,
			);
			name = InfoPlist.strings;
			sourceTree = "<group>";
		};
/* End PBXVariantGroup section */

/* Begin XCBuildConfiguration section */
		CDCBC0DE17A802E50064EEA5 /* Debug */ = {
			isa = XCBuildConfiguration;
			buildSettings = {
				ALWAYS_SEARCH_USER_PATHS = NO;
				ARCHS = "$(ARCHS_STANDARD_32_BIT)";
				CLANG_ENABLE_OBJC_ARC = YES;
				CLANG_WARN_CONSTANT_CONVERSION = YES;
				CLANG_WARN_ENUM_CONVERSION = YES;
				CLANG_WARN_INT_CONVERSION = YES;
				CLANG_WARN__DUPLICATE_METHOD_MATCH = YES;
				CODE_SIGN_IDENTITY = "iPhone Developer";
				"CODE_SIGN_IDENTITY[sdk=iphoneos*]" = "iPhone Developer";
				COPY_PHASE_STRIP = NO;
				GCC_C_LANGUAGE_STANDARD = gnu99;
				GCC_DYNAMIC_NO_PIC = NO;
				GCC_OPTIMIZATION_LEVEL = 0;
				GCC_PREPROCESSOR_DEFINITIONS = (
					"DEBUG=1",
					"$(inherited)",
				);
				GCC_SYMBOLS_PRIVATE_EXTERN = NO;
				GCC_VERSION = com.apple.compilers.llvm.clang.1_0;
				GCC_WARN_ABOUT_RETURN_TYPE = YES;
				GCC_WARN_UNINITIALIZED_AUTOS = YES;
				GCC_WARN_UNUSED_VARIABLE = YES;
				IPHONEOS_DEPLOYMENT_TARGET = 5.1;
				PROVISIONING_PROFILE = "";
				SDKROOT = iphoneos;
			};
			name = Debug;
		};
		CDCBC0DF17A802E50064EEA5 /* Release */ = {
			isa = XCBuildConfiguration;
			buildSettings = {
				ALWAYS_SEARCH_USER_PATHS = NO;
				ARCHS = "$(ARCHS_STANDARD_32_BIT)";
				CLANG_ENABLE_OBJC_ARC = YES;
				CLANG_WARN_CONSTANT_CONVERSION = YES;
				CLANG_WARN_ENUM_CONVERSION = YES;
				CLANG_WARN_INT_CONVERSION = YES;
				CLANG_WARN__DUPLICATE_METHOD_MATCH = YES;
				"CODE_SIGN_IDENTITY[sdk=iphoneos*]" = "iPhone Developer";
				COPY_PHASE_STRIP = YES;
				GCC_C_LANGUAGE_STANDARD = gnu99;
				GCC_VERSION = com.apple.compilers.llvm.clang.1_0;
				GCC_WARN_ABOUT_RETURN_TYPE = YES;
				GCC_WARN_UNINITIALIZED_AUTOS = YES;
				GCC_WARN_UNUSED_VARIABLE = YES;
				IPHONEOS_DEPLOYMENT_TARGET = 5.1;
				OTHER_CFLAGS = "-DNS_BLOCK_ASSERTIONS=1";
				SDKROOT = iphoneos;
				VALIDATE_PRODUCT = YES;
			};
			name = Release;
		};
		CDCBC0E117A802E50064EEA5 /* Debug */ = {
			isa = XCBuildConfiguration;
			buildSettings = {
				GCC_PRECOMPILE_PREFIX_HEADER = YES;
				GCC_PREFIX_HEADER = "SuperComputer/SuperComputer-Prefix.pch";
				INFOPLIST_FILE = "SuperComputer/SuperComputer-Info.plist";
				PRODUCT_NAME = "$(TARGET_NAME)";
				WRAPPER_EXTENSION = app;
			};
			name = Debug;
		};
		CDCBC0E217A802E50064EEA5 /* Release */ = {
			isa = XCBuildConfiguration;
			buildSettings = {
				GCC_PRECOMPILE_PREFIX_HEADER = YES;
				GCC_PREFIX_HEADER = "SuperComputer/SuperComputer-Prefix.pch";
				INFOPLIST_FILE = "SuperComputer/SuperComputer-Info.plist";
				PRODUCT_NAME = "$(TARGET_NAME)";
				WRAPPER_EXTENSION = app;
			};
			name = Release;
		};
/* End XCBuildConfiguration section */

/* Begin XCConfigurationList section */
		CDCBC0C217A802E50064EEA5 /* Build configuration list for PBXProject "SuperComputer" */ = {
			isa = XCConfigurationList;
			buildConfigurations = (
				CDCBC0DE17A802E50064EEA5 /* Debug */,
				CDCBC0DF17A802E50064EEA5 /* Release */,
			);
			defaultConfigurationIsVisible = 0;
			defaultConfigurationName = Release;
		};
		CDCBC0E017A802E50064EEA5 /* Build configuration list for PBXNativeTarget "SuperComputer" */ = {
			isa = XCConfigurationList;
			buildConfigurations = (
				CDCBC0E117A802E50064EEA5 /* Debug */,
				CDCBC0E217A802E50064EEA5 /* Release */,
			);
			defaultConfigurationIsVisible = 0;
			defaultConfigurationName = Release;
		};
/* End XCConfigurationList section */
	};
	rootObject = CDCBC0BF17A802E50064EEA5 /* Project object */;
}
